// !$*UTF8*$!
{
	archiveVersion = 1;
	classes = {
	};
	objectVersion = 50;
	objects = {

/* Begin PBXBuildFile section */
		A85BE1FF212F7BBE000173B2 /* AppDelegate.swift in Sources */ = {isa = PBXBuildFile; fileRef = A85BE1FE212F7BBE000173B2 /* AppDelegate.swift */; };
		A85BE201212F7BBE000173B2 /* RedViewController.swift in Sources */ = {isa = PBXBuildFile; fileRef = A85BE200212F7BBE000173B2 /* RedViewController.swift */; };
		A85BE204212F7BBE000173B2 /* Main.storyboard in Resources */ = {isa = PBXBuildFile; fileRef = A85BE202212F7BBE000173B2 /* Main.storyboard */; };
		A85BE206212F7BC1000173B2 /* Assets.xcassets in Resources */ = {isa = PBXBuildFile; fileRef = A85BE205212F7BC1000173B2 /* Assets.xcassets */; };
		A85BE209212F7BC1000173B2 /* LaunchScreen.storyboard in Resources */ = {isa = PBXBuildFile; fileRef = A85BE207212F7BC1000173B2 /* LaunchScreen.storyboard */; };
		A85BE211212F8FCF000173B2 /* OrangeViewController.swift in Sources */ = {isa = PBXBuildFile; fileRef = A85BE210212F8FCF000173B2 /* OrangeViewController.swift */; };
		A85BE215212F9207000173B2 /* YellowViewController.swift in Sources */ = {isa = PBXBuildFile; fileRef = A85BE214212F9207000173B2 /* YellowViewController.swift */; };
/* End PBXBuildFile section */

/* Begin PBXFileReference section */
		A85BE1FB212F7BBE000173B2 /* RainbowTab.app */ = {isa = PBXFileReference; explicitFileType = wrapper.application; includeInIndex = 0; path = RainbowTab.app; sourceTree = BUILT_PRODUCTS_DIR; };
		A85BE1FE212F7BBE000173B2 /* AppDelegate.swift */ = {isa = PBXFileReference; lastKnownFileType = sourcecode.swift; path = AppDelegate.swift; sourceTree = "<group>"; };
		A85BE200212F7BBE000173B2 /* RedViewController.swift */ = {isa = PBXFileReference; lastKnownFileType = sourcecode.swift; path = RedViewController.swift; sourceTree = "<group>"; };
		A85BE203212F7BBE000173B2 /* Base */ = {isa = PBXFileReference; lastKnownFileType = file.storyboard; name = Base; path = Base.lproj/Main.storyboard; sourceTree = "<group>"; };
		A85BE205212F7BC1000173B2 /* Assets.xcassets */ = {isa = PBXFileReference; lastKnownFileType = folder.assetcatalog; path = Assets.xcassets; sourceTree = "<group>"; };
		A85BE208212F7BC1000173B2 /* Base */ = {isa = PBXFileReference; lastKnownFileType = file.storyboard; name = Base; path = Base.lproj/LaunchScreen.storyboard; sourceTree = "<group>"; };
		A85BE20A212F7BC1000173B2 /* Info.plist */ = {isa = PBXFileReference; lastKnownFileType = text.plist.xml; path = Info.plist; sourceTree = "<group>"; };
		A85BE210212F8FCF000173B2 /* OrangeViewController.swift */ = {isa = PBXFileReference; lastKnownFileType = sourcecode.swift; path = OrangeViewController.swift; sourceTree = "<group>"; };
		A85BE214212F9207000173B2 /* YellowViewController.swift */ = {isa = PBXFileReference; lastKnownFileType = sourcecode.swift; path = YellowViewController.swift; sourceTree = "<group>"; };
/* End PBXFileReference section */

/* Begin PBXFrameworksBuildPhase section */
		A85BE1F8212F7BBE000173B2 /* Frameworks */ = {
			isa = PBXFrameworksBuildPhase;
			buildActionMask = 2147483647;
			files = (
			);
			runOnlyForDeploymentPostprocessing = 0;
		};
/* End PBXFrameworksBuildPhase section */

/* Begin PBXGroup section */
		A85BE1F2212F7BBE000173B2 = {
			isa = PBXGroup;
			children = (
				A85BE1FD212F7BBE000173B2 /* RainbowTab */,
				A85BE1FC212F7BBE000173B2 /* Products */,
			);
			sourceTree = "<group>";
		};
		A85BE1FC212F7BBE000173B2 /* Products */ = {
			isa = PBXGroup;
			children = (
				A85BE1FB212F7BBE000173B2 /* RainbowTab.app */,
			);
			name = Products;
			sourceTree = "<group>";
		};
		A85BE1FD212F7BBE000173B2 /* RainbowTab */ = {
			isa = PBXGroup;
			children = (
				A85BE1FE212F7BBE000173B2 /* AppDelegate.swift */,
				A85BE200212F7BBE000173B2 /* RedViewController.swift */,
				A85BE210212F8FCF000173B2 /* OrangeViewController.swift */,
				A85BE214212F9207000173B2 /* YellowViewController.swift */,
				A85BE202212F7BBE000173B2 /* Main.storyboard */,
				A85BE205212F7BC1000173B2 /* Assets.xcassets */,
				A85BE207212F7BC1000173B2 /* LaunchScreen.storyboard */,
				A85BE20A212F7BC1000173B2 /* Info.plist */,
			);
			path = RainbowTab;
			sourceTree = "<group>";
		};
/* End PBXGroup section */

/* Begin PBXNativeTarget section */
		A85BE1FA212F7BBE000173B2 /* RainbowTab */ = {
			isa = PBXNativeTarget;
			buildConfigurationList = A85BE20D212F7BC1000173B2 /* Build configuration list for PBXNativeTarget "RainbowTab" */;
			buildPhases = (
				A85BE1F7212F7BBE000173B2 /* Sources */,
				A85BE1F8212F7BBE000173B2 /* Frameworks */,
				A85BE1F9212F7BBE000173B2 /* Resources */,
			);
			buildRules = (
			);
			dependencies = (
			);
			name = RainbowTab;
			productName = RainbowTab;
			productReference = A85BE1FB212F7BBE000173B2 /* RainbowTab.app */;
			productType = "com.apple.product-type.application";
		};
/* End PBXNativeTarget section */

/* Begin PBXProject section */
		A85BE1F3212F7BBE000173B2 /* Project object */ = {
			isa = PBXProject;
			attributes = {
				LastSwiftUpdateCheck = 0940;
				LastUpgradeCheck = 0940;
				ORGANIZATIONNAME = "Dwayne Lewis";
				TargetAttributes = {
					A85BE1FA212F7BBE000173B2 = {
						CreatedOnToolsVersion = 9.4.1;
					};
				};
			};
			buildConfigurationList = A85BE1F6212F7BBE000173B2 /* Build configuration list for PBXProject "RainbowTab" */;
			compatibilityVersion = "Xcode 9.3";
			developmentRegion = en;
			hasScannedForEncodings = 0;
			knownRegions = (
				en,
				Base,
			);
			mainGroup = A85BE1F2212F7BBE000173B2;
			productRefGroup = A85BE1FC212F7BBE000173B2 /* Products */;
			projectDirPath = "";
			projectRoot = "";
			targets = (
				A85BE1FA212F7BBE000173B2 /* RainbowTab */,
			);
		};
/* End PBXProject section */

/* Begin PBXResourcesBuildPhase section */
		A85BE1F9212F7BBE000173B2 /* Resources */ = {
			isa = PBXResourcesBuildPhase;
			buildActionMask = 2147483647;
			files = (
				A85BE209212F7BC1000173B2 /* LaunchScreen.storyboard in Resources */,
				A85BE206212F7BC1000173B2 /* Assets.xcassets in Resources */,
				A85BE204212F7BBE000173B2 /* Main.storyboard in Resources */,
			);
			runOnlyForDeploymentPostprocessing = 0;
		};
/* End PBXResourcesBuildPhase section */

/* Begin PBXSourcesBuildPhase section */
		A85BE1F7212F7BBE000173B2 /* Sources */ = {
			isa = PBXSourcesBuildPhase;
			buildActionMask = 2147483647;
			files = (
				A85BE201212F7BBE000173B2 /* RedViewController.swift in Sources */,
				A85BE1FF212F7BBE000173B2 /* AppDelegate.swift in Sources */,
				A85BE211212F8FCF000173B2 /* OrangeViewController.swift in Sources */,
				A85BE215212F9207000173B2 /* YellowViewController.swift in Sources */,
			);
			runOnlyForDeploymentPostprocessing = 0;
		};
/* End PBXSourcesBuildPhase section */

/* Begin PBXVariantGroup section */
		A85BE202212F7BBE000173B2 /* Main.storyboard */ = {
			isa = PBXVariantGroup;
			children = (
				A85BE203212F7BBE000173B2 /* Base */,
			);
			name = Main.storyboard;
			sourceTree = "<group>";
		};
		A85BE207212F7BC1000173B2 /* LaunchScreen.storyboard */ = {
			isa = PBXVariantGroup;
			children = (
				A85BE208212F7BC1000173B2 /* Base */,
			);
			name = LaunchScreen.storyboard;
			sourceTree = "<group>";
		};
/* End PBXVariantGroup section */

/* Begin XCBuildConfiguration section */
		A85BE20B212F7BC1000173B2 /* Debug */ = {
			isa = XCBuildConfiguration;
			buildSettings = {
				ALWAYS_SEARCH_USER_PATHS = NO;
				CLANG_ANALYZER_NONNULL = YES;
				CLANG_ANALYZER_NUMBER_OBJECT_CONVERSION = YES_AGGRESSIVE;
				CLANG_CXX_LANGUAGE_STANDARD = "gnu++14";
				CLANG_CXX_LIBRARY = "libc++";
				CLANG_ENABLE_MODULES = YES;
				CLANG_ENABLE_OBJC_ARC = YES;
				CLANG_ENABLE_OBJC_WEAK = YES;
				CLANG_WARN_BLOCK_CAPTURE_AUTORELEASING = YES;
				CLANG_WARN_BOOL_CONVERSION = YES;
				CLANG_WARN_COMMA = YES;
				CLANG_WARN_CONSTANT_CONVERSION = YES;
				CLANG_WARN_DEPRECATED_OBJC_IMPLEMENTATIONS = YES;
				CLANG_WARN_DIRECT_OBJC_ISA_USAGE = YES_ERROR;
				CLANG_WARN_DOCUMENTATION_COMMENTS = YES;
				CLANG_WARN_EMPTY_BODY = YES;
				CLANG_WARN_ENUM_CONVERSION = YES;
				CLANG_WARN_INFINITE_RECURSION = YES;
				CLANG_WARN_INT_CONVERSION = YES;
				CLANG_WARN_NON_LITERAL_NULL_CONVERSION = YES;
				CLANG_WARN_OBJC_IMPLICIT_RETAIN_SELF = YES;
				CLANG_WARN_OBJC_LITERAL_CONVERSION = YES;
				CLANG_WARN_OBJC_ROOT_CLASS = YES_ERROR;
				CLANG_WARN_RANGE_LOOP_ANALYSIS = YES;
				CLANG_WARN_STRICT_PROTOTYPES = YES;
				CLANG_WARN_SUSPICIOUS_MOVE = YES;
				CLANG_WARN_UNGUARDED_AVAILABILITY = YES_AGGRESSIVE;
				CLANG_WARN_UNREACHABLE_CODE = YES;
				CLANG_WARN__DUPLICATE_METHOD_MATCH = YES;
				CODE_SIGN_IDENTITY = "iPhone Developer";
				COPY_PHASE_STRIP = NO;
				DEBUG_INFORMATION_FORMAT = dwarf;
				ENABLE_STRICT_OBJC_MSGSEND = YES;
				ENABLE_TESTABILITY = YES;
				GCC_C_LANGUAGE_STANDARD = gnu11;
				GCC_DYNAMIC_NO_PIC = NO;
				GCC_NO_COMMON_BLOCKS = YES;
				GCC_OPTIMIZATION_LEVEL = 0;
				GCC_PREPROCESSOR_DEFINITIONS = (
					"DEBUG=1",
					"$(inherited)",
				);
				GCC_WARN_64_TO_32_BIT_CONVERSION = YES;
				GCC_WARN_ABOUT_RETURN_TYPE = YES_ERROR;
				GCC_WARN_UNDECLARED_SELECTOR = YES;
				GCC_WARN_UNINITIALIZED_AUTOS = YES_AGGRESSIVE;
				GCC_WARN_UNUSED_FUNCTION = YES;
				GCC_WARN_UNUSED_VARIABLE = YES;
				IPHONEOS_DEPLOYMENT_TARGET = 11.4;
				MTL_ENABLE_DEBUG_INFO = YES;
				ONLY_ACTIVE_ARCH = YES;
				SDKROOT = iphoneos;
				SWIFT_ACTIVE_COMPILATION_CONDITIONS = DEBUG;
				SWIFT_OPTIMIZATION_LEVEL = "-Onone";
			};
			name = Debug;
		};
		A85BE20C212F7BC1000173B2 /* Release */ = {
			isa = XCBuildConfiguration;
			buildSettings = {
				ALWAYS_SEARCH_USER_PATHS = NO;
				CLANG_ANALYZER_NONNULL = YES;
				CLANG_ANALYZER_NUMBER_OBJECT_CONVERSION = YES_AGGRESSIVE;
				CLANG_CXX_LANGUAGE_STANDARD = "gnu++14";
				CLANG_CXX_LIBRARY = "libc++";
				CLANG_ENABLE_MODULES = YES;
				CLANG_ENABLE_OBJC_ARC = YES;
				CLANG_ENABLE_OBJC_WEAK = YES;
				CLANG_WARN_BLOCK_CAPTURE_AUTORELEASING = YES;
				CLANG_WARN_BOOL_CONVERSION = YES;
				CLANG_WARN_COMMA = YES;
				CLANG_WARN_CONSTANT_CONVERSION = YES;
				CLANG_WARN_DEPRECATED_OBJC_IMPLEMENTATIONS = YES;
				CLANG_WARN_DIRECT_OBJC_ISA_USAGE = YES_ERROR;
				CLANG_WARN_DOCUMENTATION_COMMENTS = YES;
				CLANG_WARN_EMPTY_BODY = YES;
				CLANG_WARN_ENUM_CONVERSION = YES;
				CLANG_WARN_INFINITE_RECURSION = YES;
				CLANG_WARN_INT_CONVERSION = YES;
				CLANG_WARN_NON_LITERAL_NULL_CONVERSION = YES;
				CLANG_WARN_OBJC_IMPLICIT_RETAIN_SELF = YES;
				CLANG_WARN_OBJC_LITERAL_CONVERSION = YES;
				CLANG_WARN_OBJC_ROOT_CLASS = YES_ERROR;
				CLANG_WARN_RANGE_LOOP_ANALYSIS = YES;
				CLANG_WARN_STRICT_PROTOTYPES = YES;
				CLANG_WARN_SUSPICIOUS_MOVE = YES;
				CLANG_WARN_UNGUARDED_AVAILABILITY = YES_AGGRESSIVE;
				CLANG_WARN_UNREACHABLE_CODE = YES;
				CLANG_WARN__DUPLICATE_METHOD_MATCH = YES;
				CODE_SIGN_IDENTITY = "iPhone Developer";
				COPY_PHASE_STRIP = NO;
				DEBUG_INFORMATION_FORMAT = "dwarf-with-dsym";
				ENABLE_NS_ASSERTIONS = NO;
				ENABLE_STRICT_OBJC_MSGSEND = YES;
				GCC_C_LANGUAGE_STANDARD = gnu11;
				GCC_NO_COMMON_BLOCKS = YES;
				GCC_WARN_64_TO_32_BIT_CONVERSION = YES;
				GCC_WARN_ABOUT_RETURN_TYPE = YES_ERROR;
				GCC_WARN_UNDECLARED_SELECTOR = YES;
				GCC_WARN_UNINITIALIZED_AUTOS = YES_AGGRESSIVE;
				GCC_WARN_UNUSED_FUNCTION = YES;
				GCC_WARN_UNUSED_VARIABLE = YES;
				IPHONEOS_DEPLOYMENT_TARGET = 11.4;
				MTL_ENABLE_DEBUG_INFO = NO;
				SDKROOT = iphoneos;
				SWIFT_COMPILATION_MODE = wholemodule;
				SWIFT_OPTIMIZATION_LEVEL = "-O";
				VALIDATE_PRODUCT = YES;
			};
			name = Release;
		};
		A85BE20E212F7BC1000173B2 /* Debug */ = {
			isa = XCBuildConfiguration;
			buildSettings = {
				ASSETCATALOG_COMPILER_APPICON_NAME = AppIcon;
				CODE_SIGN_STYLE = Automatic;
				INFOPLIST_FILE = RainbowTab/Info.plist;
				LD_RUNPATH_SEARCH_PATHS = (
					"$(inherited)",
					"@executable_path/Frameworks",
				);
				PRODUCT_BUNDLE_IDENTIFIER = com.DwayneLewis.RainbowTab;
				PRODUCT_NAME = "$(TARGET_NAME)";
				SWIFT_VERSION = 4.0;
				TARGETED_DEVICE_FAMILY = "1,2";
			};
			name = Debug;
		};
		A85BE20F212F7BC1000173B2 /* Release */ = {
			isa = XCBuildConfiguration;
			buildSettings = {
				ASSETCATALOG_COMPILER_APPICON_NAME = AppIcon;
				CODE_SIGN_STYLE = Automatic;
				INFOPLIST_FILE = RainbowTab/Info.plist;
				LD_RUNPATH_SEARCH_PATHS = (
					"$(inherited)",
					"@executable_path/Frameworks",
				);
				PRODUCT_BUNDLE_IDENTIFIER = com.DwayneLewis.RainbowTab;
				PRODUCT_NAME = "$(TARGET_NAME)";
				SWIFT_VERSION = 4.0;
				TARGETED_DEVICE_FAMILY = "1,2";
			};
			name = Release;
		};
/* End XCBuildConfiguration section */

/* Begin XCConfigurationList section */
		A85BE1F6212F7BBE000173B2 /* Build configuration list for PBXProject "RainbowTab" */ = {
			isa = XCConfigurationList;
			buildConfigurations = (
				A85BE20B212F7BC1000173B2 /* Debug */,
				A85BE20C212F7BC1000173B2 /* Release */,
			);
			defaultConfigurationIsVisible = 0;
			defaultConfigurationName = Release;
		};
		A85BE20D212F7BC1000173B2 /* Build configuration list for PBXNativeTarget "RainbowTab" */ = {
			isa = XCConfigurationList;
			buildConfigurations = (
				A85BE20E212F7BC1000173B2 /* Debug */,
				A85BE20F212F7BC1000173B2 /* Release */,
			);
			defaultConfigurationIsVisible = 0;
			defaultConfigurationName = Release;
		};
/* End XCConfigurationList section */
	};
	rootObject = A85BE1F3212F7BBE000173B2 /* Project object */;
}
