// !$*UTF8*$!
{
	archiveVersion = 1;
	classes = {
	};
	objectVersion = 50;
	objects = {

/* Begin PBXBuildFile section */
		A852B63B21CED8C80039053F /* AppDelegate.swift in Sources */ = {isa = PBXBuildFile; fileRef = A852B63A21CED8C80039053F /* AppDelegate.swift */; };
		A852B64021CED8C80039053F /* Main.storyboard in Resources */ = {isa = PBXBuildFile; fileRef = A852B63E21CED8C80039053F /* Main.storyboard */; };
		A852B64221CED8CA0039053F /* Assets.xcassets in Resources */ = {isa = PBXBuildFile; fileRef = A852B64121CED8CA0039053F /* Assets.xcassets */; };
		A852B64521CED8CA0039053F /* LaunchScreen.storyboard in Resources */ = {isa = PBXBuildFile; fileRef = A852B64321CED8CA0039053F /* LaunchScreen.storyboard */; };
		A8D42BCC21CEECE900F3D0AE /* Article.swift in Sources */ = {isa = PBXBuildFile; fileRef = A8D42BCB21CEECE900F3D0AE /* Article.swift */; };
		A8D42BCE21CF023700F3D0AE /* NewsTableViewCell.swift in Sources */ = {isa = PBXBuildFile; fileRef = A8D42BCD21CF023700F3D0AE /* NewsTableViewCell.swift */; };
		A8D42BD021CF024E00F3D0AE /* NewsTableViewController.swift in Sources */ = {isa = PBXBuildFile; fileRef = A8D42BCF21CF024E00F3D0AE /* NewsTableViewController.swift */; };
		A8D42BD221D013F500F3D0AE /* WebViewController.swift in Sources */ = {isa = PBXBuildFile; fileRef = A8D42BD121D013F500F3D0AE /* WebViewController.swift */; };
		BA282154261D01423DE57352 /* Pods_Newster.framework in Frameworks */ = {isa = PBXBuildFile; fileRef = 79D6A2BA6F5C3F0A03A07CB1 /* Pods_Newster.framework */; };
/* End PBXBuildFile section */

/* Begin PBXFileReference section */
		2FA9B407C9E7DA0E6E1B6D59 /* Pods-Newster.debug.xcconfig */ = {isa = PBXFileReference; includeInIndex = 1; lastKnownFileType = text.xcconfig; name = "Pods-Newster.debug.xcconfig"; path = "Pods/Target Support Files/Pods-Newster/Pods-Newster.debug.xcconfig"; sourceTree = "<group>"; };
		79D6A2BA6F5C3F0A03A07CB1 /* Pods_Newster.framework */ = {isa = PBXFileReference; explicitFileType = wrapper.framework; includeInIndex = 0; path = Pods_Newster.framework; sourceTree = BUILT_PRODUCTS_DIR; };
		9C1D9BD865EDB9BEE391BB23 /* Pods-Newster.release.xcconfig */ = {isa = PBXFileReference; includeInIndex = 1; lastKnownFileType = text.xcconfig; name = "Pods-Newster.release.xcconfig"; path = "Pods/Target Support Files/Pods-Newster/Pods-Newster.release.xcconfig"; sourceTree = "<group>"; };
		A852B63721CED8C80039053F /* Newster.app */ = {isa = PBXFileReference; explicitFileType = wrapper.application; includeInIndex = 0; path = Newster.app; sourceTree = BUILT_PRODUCTS_DIR; };
		A852B63A21CED8C80039053F /* AppDelegate.swift */ = {isa = PBXFileReference; lastKnownFileType = sourcecode.swift; path = AppDelegate.swift; sourceTree = "<group>"; };
		A852B63F21CED8C80039053F /* Base */ = {isa = PBXFileReference; lastKnownFileType = file.storyboard; name = Base; path = Base.lproj/Main.storyboard; sourceTree = "<group>"; };
		A852B64121CED8CA0039053F /* Assets.xcassets */ = {isa = PBXFileReference; lastKnownFileType = folder.assetcatalog; path = Assets.xcassets; sourceTree = "<group>"; };
		A852B64421CED8CA0039053F /* Base */ = {isa = PBXFileReference; lastKnownFileType = file.storyboard; name = Base; path = Base.lproj/LaunchScreen.storyboard; sourceTree = "<group>"; };
		A852B64621CED8CA0039053F /* Info.plist */ = {isa = PBXFileReference; lastKnownFileType = text.plist.xml; path = Info.plist; sourceTree = "<group>"; };
		A8D42BCB21CEECE900F3D0AE /* Article.swift */ = {isa = PBXFileReference; lastKnownFileType = sourcecode.swift; path = Article.swift; sourceTree = "<group>"; };
		A8D42BCD21CF023700F3D0AE /* NewsTableViewCell.swift */ = {isa = PBXFileReference; lastKnownFileType = sourcecode.swift; path = NewsTableViewCell.swift; sourceTree = "<group>"; };
		A8D42BCF21CF024E00F3D0AE /* NewsTableViewController.swift */ = {isa = PBXFileReference; lastKnownFileType = sourcecode.swift; path = NewsTableViewController.swift; sourceTree = "<group>"; };
		A8D42BD121D013F500F3D0AE /* WebViewController.swift */ = {isa = PBXFileReference; lastKnownFileType = sourcecode.swift; path = WebViewController.swift; sourceTree = "<group>"; };
/* End PBXFileReference section */

/* Begin PBXFrameworksBuildPhase section */
		A852B63421CED8C80039053F /* Frameworks */ = {
			isa = PBXFrameworksBuildPhase;
			buildActionMask = 2147483647;
			files = (
				BA282154261D01423DE57352 /* Pods_Newster.framework in Frameworks */,
			);
			runOnlyForDeploymentPostprocessing = 0;
		};
/* End PBXFrameworksBuildPhase section */

/* Begin PBXGroup section */
		2F1758C1E986DE6A16794FF7 /* Pods */ = {
			isa = PBXGroup;
			children = (
				2FA9B407C9E7DA0E6E1B6D59 /* Pods-Newster.debug.xcconfig */,
				9C1D9BD865EDB9BEE391BB23 /* Pods-Newster.release.xcconfig */,
			);
			name = Pods;
			sourceTree = "<group>";
		};
		A852B62E21CED8C80039053F = {
			isa = PBXGroup;
			children = (
				A852B63921CED8C80039053F /* Newster */,
				A852B63821CED8C80039053F /* Products */,
				2F1758C1E986DE6A16794FF7 /* Pods */,
				CCD42D5D2E24C121D477530E /* Frameworks */,
			);
			sourceTree = "<group>";
		};
		A852B63821CED8C80039053F /* Products */ = {
			isa = PBXGroup;
			children = (
				A852B63721CED8C80039053F /* Newster.app */,
			);
			name = Products;
			sourceTree = "<group>";
		};
		A852B63921CED8C80039053F /* Newster */ = {
			isa = PBXGroup;
			children = (
				A852B63A21CED8C80039053F /* AppDelegate.swift */,
				A852B63E21CED8C80039053F /* Main.storyboard */,
				A852B64121CED8CA0039053F /* Assets.xcassets */,
				A852B64321CED8CA0039053F /* LaunchScreen.storyboard */,
				A852B64621CED8CA0039053F /* Info.plist */,
				A8D42BCB21CEECE900F3D0AE /* Article.swift */,
				A8D42BCD21CF023700F3D0AE /* NewsTableViewCell.swift */,
				A8D42BCF21CF024E00F3D0AE /* NewsTableViewController.swift */,
				A8D42BD121D013F500F3D0AE /* WebViewController.swift */,
			);
			path = Newster;
			sourceTree = "<group>";
		};
		CCD42D5D2E24C121D477530E /* Frameworks */ = {
			isa = PBXGroup;
			children = (
				79D6A2BA6F5C3F0A03A07CB1 /* Pods_Newster.framework */,
			);
			name = Frameworks;
			sourceTree = "<group>";
		};
/* End PBXGroup section */

/* Begin PBXNativeTarget section */
		A852B63621CED8C80039053F /* Newster */ = {
			isa = PBXNativeTarget;
			buildConfigurationList = A852B64921CED8CA0039053F /* Build configuration list for PBXNativeTarget "Newster" */;
			buildPhases = (
				E4701F04153EE1601DAB9021 /* [CP] Check Pods Manifest.lock */,
				A852B63321CED8C80039053F /* Sources */,
				A852B63421CED8C80039053F /* Frameworks */,
				A852B63521CED8C80039053F /* Resources */,
				934C77BDAF04EC2CDE50AEF0 /* [CP] Embed Pods Frameworks */,
			);
			buildRules = (
			);
			dependencies = (
			);
			name = Newster;
			productName = Newster;
			productReference = A852B63721CED8C80039053F /* Newster.app */;
			productType = "com.apple.product-type.application";
		};
/* End PBXNativeTarget section */

/* Begin PBXProject section */
		A852B62F21CED8C80039053F /* Project object */ = {
			isa = PBXProject;
			attributes = {
				LastSwiftUpdateCheck = 1010;
				LastUpgradeCheck = 1010;
				ORGANIZATIONNAME = "Dwayne Lewis";
				TargetAttributes = {
					A852B63621CED8C80039053F = {
						CreatedOnToolsVersion = 10.1;
					};
				};
			};
			buildConfigurationList = A852B63221CED8C80039053F /* Build configuration list for PBXProject "Newster" */;
			compatibilityVersion = "Xcode 9.3";
			developmentRegion = en;
			hasScannedForEncodings = 0;
			knownRegions = (
				en,
				Base,
			);
			mainGroup = A852B62E21CED8C80039053F;
			productRefGroup = A852B63821CED8C80039053F /* Products */;
			projectDirPath = "";
			projectRoot = "";
			targets = (
				A852B63621CED8C80039053F /* Newster */,
			);
		};
/* End PBXProject section */

/* Begin PBXResourcesBuildPhase section */
		A852B63521CED8C80039053F /* Resources */ = {
			isa = PBXResourcesBuildPhase;
			buildActionMask = 2147483647;
			files = (
				A852B64521CED8CA0039053F /* LaunchScreen.storyboard in Resources */,
				A852B64221CED8CA0039053F /* Assets.xcassets in Resources */,
				A852B64021CED8C80039053F /* Main.storyboard in Resources */,
			);
			runOnlyForDeploymentPostprocessing = 0;
		};
/* End PBXResourcesBuildPhase section */

/* Begin PBXShellScriptBuildPhase section */
		934C77BDAF04EC2CDE50AEF0 /* [CP] Embed Pods Frameworks */ = {
			isa = PBXShellScriptBuildPhase;
			buildActionMask = 2147483647;
			files = (
			);
			inputPaths = (
				"${SRCROOT}/Pods/Target Support Files/Pods-Newster/Pods-Newster-frameworks.sh",
				"${BUILT_PRODUCTS_DIR}/Alamofire/Alamofire.framework",
				"${BUILT_PRODUCTS_DIR}/SwiftyJSON/SwiftyJSON.framework",
			);
			name = "[CP] Embed Pods Frameworks";
			outputPaths = (
				"${TARGET_BUILD_DIR}/${FRAMEWORKS_FOLDER_PATH}/Alamofire.framework",
				"${TARGET_BUILD_DIR}/${FRAMEWORKS_FOLDER_PATH}/SwiftyJSON.framework",
			);
			runOnlyForDeploymentPostprocessing = 0;
			shellPath = /bin/sh;
			shellScript = "\"${SRCROOT}/Pods/Target Support Files/Pods-Newster/Pods-Newster-frameworks.sh\"\n";
			showEnvVarsInLog = 0;
		};
		E4701F04153EE1601DAB9021 /* [CP] Check Pods Manifest.lock */ = {
			isa = PBXShellScriptBuildPhase;
			buildActionMask = 2147483647;
			files = (
			);
			inputPaths = (
				"${PODS_PODFILE_DIR_PATH}/Podfile.lock",
				"${PODS_ROOT}/Manifest.lock",
			);
			name = "[CP] Check Pods Manifest.lock";
			outputPaths = (
				"$(DERIVED_FILE_DIR)/Pods-Newster-checkManifestLockResult.txt",
			);
			runOnlyForDeploymentPostprocessing = 0;
			shellPath = /bin/sh;
			shellScript = "diff \"${PODS_PODFILE_DIR_PATH}/Podfile.lock\" \"${PODS_ROOT}/Manifest.lock\" > /dev/null\nif [ $? != 0 ] ; then\n    # print error to STDERR\n    echo \"error: The sandbox is not in sync with the Podfile.lock. Run 'pod install' or update your CocoaPods installation.\" >&2\n    exit 1\nfi\n# This output is used by Xcode 'outputs' to avoid re-running this script phase.\necho \"SUCCESS\" > \"${SCRIPT_OUTPUT_FILE_0}\"\n";
			showEnvVarsInLog = 0;
		};
/* End PBXShellScriptBuildPhase section */

/* Begin PBXSourcesBuildPhase section */
		A852B63321CED8C80039053F /* Sources */ = {
			isa = PBXSourcesBuildPhase;
			buildActionMask = 2147483647;
			files = (
				A852B63B21CED8C80039053F /* AppDelegate.swift in Sources */,
				A8D42BCE21CF023700F3D0AE /* NewsTableViewCell.swift in Sources */,
				A8D42BD021CF024E00F3D0AE /* NewsTableViewController.swift in Sources */,
				A8D42BD221D013F500F3D0AE /* WebViewController.swift in Sources */,
				A8D42BCC21CEECE900F3D0AE /* Article.swift in Sources */,
			);
			runOnlyForDeploymentPostprocessing = 0;
		};
/* End PBXSourcesBuildPhase section */

/* Begin PBXVariantGroup section */
		A852B63E21CED8C80039053F /* Main.storyboard */ = {
			isa = PBXVariantGroup;
			children = (
				A852B63F21CED8C80039053F /* Base */,
			);
			name = Main.storyboard;
			sourceTree = "<group>";
		};
		A852B64321CED8CA0039053F /* LaunchScreen.storyboard */ = {
			isa = PBXVariantGroup;
			children = (
				A852B64421CED8CA0039053F /* Base */,
			);
			name = LaunchScreen.storyboard;
			sourceTree = "<group>";
		};
/* End PBXVariantGroup section */

/* Begin XCBuildConfiguration section */
		A852B64721CED8CA0039053F /* Debug */ = {
			isa = XCBuildConfiguration;
			buildSettings = {
				ALWAYS_SEARCH_USER_PATHS = NO;
				CLANG_ANALYZER_NONNULL = YES;
				CLANG_ANALYZER_NUMBER_OBJECT_CONVERSION = YES_AGGRESSIVE;
				CLANG_CXX_LANGUAGE_STANDARD = "gnu++14";
				CLANG_CXX_LIBRARY = "libc++";
				CLANG_ENABLE_MODULES = YES;
				CLANG_ENABLE_OBJC_ARC = YES;
				CLANG_ENABLE_OBJC_WEAK = YES;
				CLANG_WARN_BLOCK_CAPTURE_AUTORELEASING = YES;
				CLANG_WARN_BOOL_CONVERSION = YES;
				CLANG_WARN_COMMA = YES;
				CLANG_WARN_CONSTANT_CONVERSION = YES;
				CLANG_WARN_DEPRECATED_OBJC_IMPLEMENTATIONS = YES;
				CLANG_WARN_DIRECT_OBJC_ISA_USAGE = YES_ERROR;
				CLANG_WARN_DOCUMENTATION_COMMENTS = YES;
				CLANG_WARN_EMPTY_BODY = YES;
				CLANG_WARN_ENUM_CONVERSION = YES;
				CLANG_WARN_INFINITE_RECURSION = YES;
				CLANG_WARN_INT_CONVERSION = YES;
				CLANG_WARN_NON_LITERAL_NULL_CONVERSION = YES;
				CLANG_WARN_OBJC_IMPLICIT_RETAIN_SELF = YES;
				CLANG_WARN_OBJC_LITERAL_CONVERSION = YES;
				CLANG_WARN_OBJC_ROOT_CLASS = YES_ERROR;
				CLANG_WARN_RANGE_LOOP_ANALYSIS = YES;
				CLANG_WARN_STRICT_PROTOTYPES = YES;
				CLANG_WARN_SUSPICIOUS_MOVE = YES;
				CLANG_WARN_UNGUARDED_AVAILABILITY = YES_AGGRESSIVE;
				CLANG_WARN_UNREACHABLE_CODE = YES;
				CLANG_WARN__DUPLICATE_METHOD_MATCH = YES;
				CODE_SIGN_IDENTITY = "iPhone Developer";
				COPY_PHASE_STRIP = NO;
				DEBUG_INFORMATION_FORMAT = dwarf;
				ENABLE_STRICT_OBJC_MSGSEND = YES;
				ENABLE_TESTABILITY = YES;
				GCC_C_LANGUAGE_STANDARD = gnu11;
				GCC_DYNAMIC_NO_PIC = NO;
				GCC_NO_COMMON_BLOCKS = YES;
				GCC_OPTIMIZATION_LEVEL = 0;
				GCC_PREPROCESSOR_DEFINITIONS = (
					"DEBUG=1",
					"$(inherited)",
				);
				GCC_WARN_64_TO_32_BIT_CONVERSION = YES;
				GCC_WARN_ABOUT_RETURN_TYPE = YES_ERROR;
				GCC_WARN_UNDECLARED_SELECTOR = YES;
				GCC_WARN_UNINITIALIZED_AUTOS = YES_AGGRESSIVE;
				GCC_WARN_UNUSED_FUNCTION = YES;
				GCC_WARN_UNUSED_VARIABLE = YES;
				IPHONEOS_DEPLOYMENT_TARGET = 12.1;
				MTL_ENABLE_DEBUG_INFO = INCLUDE_SOURCE;
				MTL_FAST_MATH = YES;
				ONLY_ACTIVE_ARCH = YES;
				SDKROOT = iphoneos;
				SWIFT_ACTIVE_COMPILATION_CONDITIONS = DEBUG;
				SWIFT_OPTIMIZATION_LEVEL = "-Onone";
			};
			name = Debug;
		};
		A852B64821CED8CA0039053F /* Release */ = {
			isa = XCBuildConfiguration;
			buildSettings = {
				ALWAYS_SEARCH_USER_PATHS = NO;
				CLANG_ANALYZER_NONNULL = YES;
				CLANG_ANALYZER_NUMBER_OBJECT_CONVERSION = YES_AGGRESSIVE;
				CLANG_CXX_LANGUAGE_STANDARD = "gnu++14";
				CLANG_CXX_LIBRARY = "libc++";
				CLANG_ENABLE_MODULES = YES;
				CLANG_ENABLE_OBJC_ARC = YES;
				CLANG_ENABLE_OBJC_WEAK = YES;
				CLANG_WARN_BLOCK_CAPTURE_AUTORELEASING = YES;
				CLANG_WARN_BOOL_CONVERSION = YES;
				CLANG_WARN_COMMA = YES;
				CLANG_WARN_CONSTANT_CONVERSION = YES;
				CLANG_WARN_DEPRECATED_OBJC_IMPLEMENTATIONS = YES;
				CLANG_WARN_DIRECT_OBJC_ISA_USAGE = YES_ERROR;
				CLANG_WARN_DOCUMENTATION_COMMENTS = YES;
				CLANG_WARN_EMPTY_BODY = YES;
				CLANG_WARN_ENUM_CONVERSION = YES;
				CLANG_WARN_INFINITE_RECURSION = YES;
				CLANG_WARN_INT_CONVERSION = YES;
				CLANG_WARN_NON_LITERAL_NULL_CONVERSION = YES;
				CLANG_WARN_OBJC_IMPLICIT_RETAIN_SELF = YES;
				CLANG_WARN_OBJC_LITERAL_CONVERSION = YES;
				CLANG_WARN_OBJC_ROOT_CLASS = YES_ERROR;
				CLANG_WARN_RANGE_LOOP_ANALYSIS = YES;
				CLANG_WARN_STRICT_PROTOTYPES = YES;
				CLANG_WARN_SUSPICIOUS_MOVE = YES;
				CLANG_WARN_UNGUARDED_AVAILABILITY = YES_AGGRESSIVE;
				CLANG_WARN_UNREACHABLE_CODE = YES;
				CLANG_WARN__DUPLICATE_METHOD_MATCH = YES;
				CODE_SIGN_IDENTITY = "iPhone Developer";
				COPY_PHASE_STRIP = NO;
				DEBUG_INFORMATION_FORMAT = "dwarf-with-dsym";
				ENABLE_NS_ASSERTIONS = NO;
				ENABLE_STRICT_OBJC_MSGSEND = YES;
				GCC_C_LANGUAGE_STANDARD = gnu11;
				GCC_NO_COMMON_BLOCKS = YES;
				GCC_WARN_64_TO_32_BIT_CONVERSION = YES;
				GCC_WARN_ABOUT_RETURN_TYPE = YES_ERROR;
				GCC_WARN_UNDECLARED_SELECTOR = YES;
				GCC_WARN_UNINITIALIZED_AUTOS = YES_AGGRESSIVE;
				GCC_WARN_UNUSED_FUNCTION = YES;
				GCC_WARN_UNUSED_VARIABLE = YES;
				IPHONEOS_DEPLOYMENT_TARGET = 12.1;
				MTL_ENABLE_DEBUG_INFO = NO;
				MTL_FAST_MATH = YES;
				SDKROOT = iphoneos;
				SWIFT_COMPILATION_MODE = wholemodule;
				SWIFT_OPTIMIZATION_LEVEL = "-O";
				VALIDATE_PRODUCT = YES;
			};
			name = Release;
		};
		A852B64A21CED8CA0039053F /* Debug */ = {
			isa = XCBuildConfiguration;
			baseConfigurationReference = 2FA9B407C9E7DA0E6E1B6D59 /* Pods-Newster.debug.xcconfig */;
			buildSettings = {
				ASSETCATALOG_COMPILER_APPICON_NAME = AppIcon;
				CODE_SIGN_STYLE = Automatic;
				INFOPLIST_FILE = Newster/Info.plist;
				LD_RUNPATH_SEARCH_PATHS = (
					"$(inherited)",
					"@executable_path/Frameworks",
				);
				PRODUCT_BUNDLE_IDENTIFIER = com.DwayneLewis.Newster;
				PRODUCT_NAME = "$(TARGET_NAME)";
				SWIFT_VERSION = 4.2;
				TARGETED_DEVICE_FAMILY = "1,2";
			};
			name = Debug;
		};
		A852B64B21CED8CA0039053F /* Release */ = {
			isa = XCBuildConfiguration;
			baseConfigurationReference = 9C1D9BD865EDB9BEE391BB23 /* Pods-Newster.release.xcconfig */;
			buildSettings = {
				ASSETCATALOG_COMPILER_APPICON_NAME = AppIcon;
				CODE_SIGN_STYLE = Automatic;
				INFOPLIST_FILE = Newster/Info.plist;
				LD_RUNPATH_SEARCH_PATHS = (
					"$(inherited)",
					"@executable_path/Frameworks",
				);
				PRODUCT_BUNDLE_IDENTIFIER = com.DwayneLewis.Newster;
				PRODUCT_NAME = "$(TARGET_NAME)";
				SWIFT_VERSION = 4.2;
				TARGETED_DEVICE_FAMILY = "1,2";
			};
			name = Release;
		};
/* End XCBuildConfiguration section */

/* Begin XCConfigurationList section */
		A852B63221CED8C80039053F /* Build configuration list for PBXProject "Newster" */ = {
			isa = XCConfigurationList;
			buildConfigurations = (
				A852B64721CED8CA0039053F /* Debug */,
				A852B64821CED8CA0039053F /* Release */,
			);
			defaultConfigurationIsVisible = 0;
			defaultConfigurationName = Release;
		};
		A852B64921CED8CA0039053F /* Build configuration list for PBXNativeTarget "Newster" */ = {
			isa = XCConfigurationList;
			buildConfigurations = (
				A852B64A21CED8CA0039053F /* Debug */,
				A852B64B21CED8CA0039053F /* Release */,
			);
			defaultConfigurationIsVisible = 0;
			defaultConfigurationName = Release;
		};
/* End XCConfigurationList section */
	};
	rootObject = A852B62F21CED8C80039053F /* Project object */;
}
